// !$*UTF8*$!
{
	archiveVersion = 1;
	classes = {
	};
	objectVersion = 46;
	objects = {

/* Begin PBXBuildFile section */
		1812C81918A7FBC800B3D6CD /* Foundation.framework in Frameworks */ = {isa = PBXBuildFile; fileRef = 1812C81818A7FBC800B3D6CD /* Foundation.framework */; };
		1812C81B18A7FBC800B3D6CD /* CoreGraphics.framework in Frameworks */ = {isa = PBXBuildFile; fileRef = 1812C81A18A7FBC800B3D6CD /* CoreGraphics.framework */; };
		1812C81D18A7FBC800B3D6CD /* UIKit.framework in Frameworks */ = {isa = PBXBuildFile; fileRef = 1812C81C18A7FBC800B3D6CD /* UIKit.framework */; };
		1812C83218A7FBC900B3D6CD /* XCTest.framework in Frameworks */ = {isa = PBXBuildFile; fileRef = 1812C83118A7FBC900B3D6CD /* XCTest.framework */; };
		1812C83318A7FBC900B3D6CD /* Foundation.framework in Frameworks */ = {isa = PBXBuildFile; fileRef = 1812C81818A7FBC800B3D6CD /* Foundation.framework */; };
		1812C83418A7FBC900B3D6CD /* UIKit.framework in Frameworks */ = {isa = PBXBuildFile; fileRef = 1812C81C18A7FBC800B3D6CD /* UIKit.framework */; };
		1812C8C418A7FD4E00B3D6CD /* AppDelegate.m in Sources */ = {isa = PBXBuildFile; fileRef = 1812C84A18A7FD4E00B3D6CD /* AppDelegate.m */; };
		1812C8C518A7FD4E00B3D6CD /* AppDelegate.m in Sources */ = {isa = PBXBuildFile; fileRef = 1812C84A18A7FD4E00B3D6CD /* AppDelegate.m */; };
		1812C8C618A7FD4E00B3D6CD /* NSArray+ContainsNumber.m in Sources */ = {isa = PBXBuildFile; fileRef = 1812C84D18A7FD4E00B3D6CD /* NSArray+ContainsNumber.m */; };
		1812C8C718A7FD4E00B3D6CD /* NSArray+ContainsNumber.m in Sources */ = {isa = PBXBuildFile; fileRef = 1812C84D18A7FD4E00B3D6CD /* NSArray+ContainsNumber.m */; };
		1812C8C818A7FD4E00B3D6CD /* NSDate+HumanDate.m in Sources */ = {isa = PBXBuildFile; fileRef = 1812C84F18A7FD4E00B3D6CD /* NSDate+HumanDate.m */; };
		1812C8C918A7FD4E00B3D6CD /* NSDate+HumanDate.m in Sources */ = {isa = PBXBuildFile; fileRef = 1812C84F18A7FD4E00B3D6CD /* NSDate+HumanDate.m */; };
		1812C8CA18A7FD4E00B3D6CD /* NSDictionary+SimpleGetters.m in Sources */ = {isa = PBXBuildFile; fileRef = 1812C85118A7FD4E00B3D6CD /* NSDictionary+SimpleGetters.m */; };
		1812C8CB18A7FD4E00B3D6CD /* NSDictionary+SimpleGetters.m in Sources */ = {isa = PBXBuildFile; fileRef = 1812C85118A7FD4E00B3D6CD /* NSDictionary+SimpleGetters.m */; };
		1812C8CC18A7FD4E00B3D6CD /* NSString+ApplicationFonts.m in Sources */ = {isa = PBXBuildFile; fileRef = 1812C85318A7FD4E00B3D6CD /* NSString+ApplicationFonts.m */; };
		1812C8CD18A7FD4E00B3D6CD /* NSString+ApplicationFonts.m in Sources */ = {isa = PBXBuildFile; fileRef = 1812C85318A7FD4E00B3D6CD /* NSString+ApplicationFonts.m */; };
		1812C8CE18A7FD4E00B3D6CD /* NSString+TextSize.m in Sources */ = {isa = PBXBuildFile; fileRef = 1812C85518A7FD4E00B3D6CD /* NSString+TextSize.m */; };
		1812C8CF18A7FD4E00B3D6CD /* NSString+TextSize.m in Sources */ = {isa = PBXBuildFile; fileRef = 1812C85518A7FD4E00B3D6CD /* NSString+TextSize.m */; };
		1812C8D018A7FD4E00B3D6CD /* UIDevice+Idiom.m in Sources */ = {isa = PBXBuildFile; fileRef = 1812C85718A7FD4E00B3D6CD /* UIDevice+Idiom.m */; };
		1812C8D118A7FD4E00B3D6CD /* UIDevice+Idiom.m in Sources */ = {isa = PBXBuildFile; fileRef = 1812C85718A7FD4E00B3D6CD /* UIDevice+Idiom.m */; };
		1812C8D218A7FD4E00B3D6CD /* UIImage+ImageEffects.m in Sources */ = {isa = PBXBuildFile; fileRef = 1812C85918A7FD4E00B3D6CD /* UIImage+ImageEffects.m */; };
		1812C8D318A7FD4E00B3D6CD /* UIImage+ImageEffects.m in Sources */ = {isa = PBXBuildFile; fileRef = 1812C85918A7FD4E00B3D6CD /* UIImage+ImageEffects.m */; };
		1812C8D418A7FD4E00B3D6CD /* UIScreen+Retina.m in Sources */ = {isa = PBXBuildFile; fileRef = 1812C85B18A7FD4E00B3D6CD /* UIScreen+Retina.m */; };
		1812C8D518A7FD4E00B3D6CD /* UIScreen+Retina.m in Sources */ = {isa = PBXBuildFile; fileRef = 1812C85B18A7FD4E00B3D6CD /* UIScreen+Retina.m */; };
		1812C8D618A7FD4E00B3D6CD /* UIView+SimpleFrame.m in Sources */ = {isa = PBXBuildFile; fileRef = 1812C85D18A7FD4E00B3D6CD /* UIView+SimpleFrame.m */; };
		1812C8D718A7FD4E00B3D6CD /* UIView+SimpleFrame.m in Sources */ = {isa = PBXBuildFile; fileRef = 1812C85D18A7FD4E00B3D6CD /* UIView+SimpleFrame.m */; };
		1812C8D818A7FD4E00B3D6CD /* CoreDataBase.m in Sources */ = {isa = PBXBuildFile; fileRef = 1812C86418A7FD4E00B3D6CD /* CoreDataBase.m */; };
		1812C8D918A7FD4E00B3D6CD /* CoreDataBase.m in Sources */ = {isa = PBXBuildFile; fileRef = 1812C86418A7FD4E00B3D6CD /* CoreDataBase.m */; };
		1812C8DA18A7FD4E00B3D6CD /* CoreDataManager.m in Sources */ = {isa = PBXBuildFile; fileRef = 1812C86618A7FD4E00B3D6CD /* CoreDataManager.m */; };
		1812C8DB18A7FD4E00B3D6CD /* CoreDataManager.m in Sources */ = {isa = PBXBuildFile; fileRef = 1812C86618A7FD4E00B3D6CD /* CoreDataManager.m */; };
		1812C8DE18A7FD4E00B3D6CD /* ArrayToDataTransformer.m in Sources */ = {isa = PBXBuildFile; fileRef = 1812C86B18A7FD4E00B3D6CD /* ArrayToDataTransformer.m */; };
		1812C8DF18A7FD4E00B3D6CD /* ArrayToDataTransformer.m in Sources */ = {isa = PBXBuildFile; fileRef = 1812C86B18A7FD4E00B3D6CD /* ArrayToDataTransformer.m */; };
		1812C8E018A7FD4E00B3D6CD /* ColorToDataTransformer.m in Sources */ = {isa = PBXBuildFile; fileRef = 1812C86D18A7FD4E00B3D6CD /* ColorToDataTransformer.m */; };
		1812C8E118A7FD4E00B3D6CD /* ColorToDataTransformer.m in Sources */ = {isa = PBXBuildFile; fileRef = 1812C86D18A7FD4E00B3D6CD /* ColorToDataTransformer.m */; };
		1812C8E218A7FD4E00B3D6CD /* DownloadManager.m in Sources */ = {isa = PBXBuildFile; fileRef = 1812C87118A7FD4E00B3D6CD /* DownloadManager.m */; };
		1812C8E318A7FD4E00B3D6CD /* DownloadManager.m in Sources */ = {isa = PBXBuildFile; fileRef = 1812C87118A7FD4E00B3D6CD /* DownloadManager.m */; };
		1812C8E418A7FD4E00B3D6CD /* DownloadCheckOperation.m in Sources */ = {isa = PBXBuildFile; fileRef = 1812C87418A7FD4E00B3D6CD /* DownloadCheckOperation.m */; };
		1812C8E518A7FD4E00B3D6CD /* DownloadCheckOperation.m in Sources */ = {isa = PBXBuildFile; fileRef = 1812C87418A7FD4E00B3D6CD /* DownloadCheckOperation.m */; };
		1812C8E818A7FD4E00B3D6CD /* DownloadManagerOperation.m in Sources */ = {isa = PBXBuildFile; fileRef = 1812C87818A7FD4E00B3D6CD /* DownloadManagerOperation.m */; };
		1812C8E918A7FD4E00B3D6CD /* DownloadManagerOperation.m in Sources */ = {isa = PBXBuildFile; fileRef = 1812C87818A7FD4E00B3D6CD /* DownloadManagerOperation.m */; };
		1812C8F018A7FD4E00B3D6CD /* FeedManager.m in Sources */ = {isa = PBXBuildFile; fileRef = 1812C88118A7FD4E00B3D6CD /* FeedManager.m */; };
		1812C8F118A7FD4E00B3D6CD /* FeedManager.m in Sources */ = {isa = PBXBuildFile; fileRef = 1812C88118A7FD4E00B3D6CD /* FeedManager.m */; };
		1812C8F418A7FD4E00B3D6CD /* ServerManager.m in Sources */ = {isa = PBXBuildFile; fileRef = 1812C88718A7FD4E00B3D6CD /* ServerManager.m */; };
		1812C8F518A7FD4E00B3D6CD /* ServerManager.m in Sources */ = {isa = PBXBuildFile; fileRef = 1812C88718A7FD4E00B3D6CD /* ServerManager.m */; };
		1812C8F618A7FD4E00B3D6CD /* SettingsManager.m in Sources */ = {isa = PBXBuildFile; fileRef = 1812C88B18A7FD4E00B3D6CD /* SettingsManager.m */; };
		1812C8F718A7FD4E00B3D6CD /* SettingsManager.m in Sources */ = {isa = PBXBuildFile; fileRef = 1812C88B18A7FD4E00B3D6CD /* SettingsManager.m */; };
		1812C8F818A7FD4E00B3D6CD /* WebManager.m in Sources */ = {isa = PBXBuildFile; fileRef = 1812C88E18A7FD4E00B3D6CD /* WebManager.m */; };
		1812C8F918A7FD4E00B3D6CD /* WebManager.m in Sources */ = {isa = PBXBuildFile; fileRef = 1812C88E18A7FD4E00B3D6CD /* WebManager.m */; };
		1812C8FA18A7FD4E00B3D6CD /* Images.xcassets in Resources */ = {isa = PBXBuildFile; fileRef = 1812C88F18A7FD4E00B3D6CD /* Images.xcassets */; };
		1812C8FB18A7FD4E00B3D6CD /* Images.xcassets in Resources */ = {isa = PBXBuildFile; fileRef = 1812C88F18A7FD4E00B3D6CD /* Images.xcassets */; };
		1812C8FE18A7FD4E00B3D6CD /* InfoPlist.strings in Resources */ = {isa = PBXBuildFile; fileRef = 1812C89318A7FD4E00B3D6CD /* InfoPlist.strings */; };
		1812C8FF18A7FD4E00B3D6CD /* InfoPlist.strings in Resources */ = {isa = PBXBuildFile; fileRef = 1812C89318A7FD4E00B3D6CD /* InfoPlist.strings */; };
		1812C90018A7FD4E00B3D6CD /* main.m in Sources */ = {isa = PBXBuildFile; fileRef = 1812C89518A7FD4E00B3D6CD /* main.m */; };
		1812C90118A7FD4E00B3D6CD /* main.m in Sources */ = {isa = PBXBuildFile; fileRef = 1812C89518A7FD4E00B3D6CD /* main.m */; };
		1812C90218A7FD4E00B3D6CD /* ALHUDIconsResourse.bundle in Resources */ = {isa = PBXBuildFile; fileRef = 1812C89818A7FD4E00B3D6CD /* ALHUDIconsResourse.bundle */; };
		1812C90318A7FD4E00B3D6CD /* ALHUDIconsResourse.bundle in Resources */ = {isa = PBXBuildFile; fileRef = 1812C89818A7FD4E00B3D6CD /* ALHUDIconsResourse.bundle */; };
		1812C90418A7FD4E00B3D6CD /* ALHUDManager.m in Sources */ = {isa = PBXBuildFile; fileRef = 1812C89A18A7FD4E00B3D6CD /* ALHUDManager.m */; };
		1812C90518A7FD4E00B3D6CD /* ALHUDManager.m in Sources */ = {isa = PBXBuildFile; fileRef = 1812C89A18A7FD4E00B3D6CD /* ALHUDManager.m */; };
		1812C90618A7FD4E00B3D6CD /* HUDItem.m in Sources */ = {isa = PBXBuildFile; fileRef = 1812C89C18A7FD4E00B3D6CD /* HUDItem.m */; };
		1812C90718A7FD4E00B3D6CD /* HUDItem.m in Sources */ = {isa = PBXBuildFile; fileRef = 1812C89C18A7FD4E00B3D6CD /* HUDItem.m */; };
		1812C90818A7FD4E00B3D6CD /* DMArrayDifference.m in Sources */ = {isa = PBXBuildFile; fileRef = 1812C89F18A7FD4E00B3D6CD /* DMArrayDifference.m */; };
		1812C90918A7FD4E00B3D6CD /* DMArrayDifference.m in Sources */ = {isa = PBXBuildFile; fileRef = 1812C89F18A7FD4E00B3D6CD /* DMArrayDifference.m */; };
		1812C90A18A7FD4E00B3D6CD /* DMImageDownloadOperation.m in Sources */ = {isa = PBXBuildFile; fileRef = 1812C8A218A7FD4E00B3D6CD /* DMImageDownloadOperation.m */; };
		1812C90B18A7FD4E00B3D6CD /* DMImageDownloadOperation.m in Sources */ = {isa = PBXBuildFile; fileRef = 1812C8A218A7FD4E00B3D6CD /* DMImageDownloadOperation.m */; };
		1812C90C18A7FD4E00B3D6CD /* DMImageManager.m in Sources */ = {isa = PBXBuildFile; fileRef = 1812C8A418A7FD4E00B3D6CD /* DMImageManager.m */; };
		1812C90D18A7FD4E00B3D6CD /* DMImageManager.m in Sources */ = {isa = PBXBuildFile; fileRef = 1812C8A418A7FD4E00B3D6CD /* DMImageManager.m */; };
		1812C90E18A7FD4E00B3D6CD /* DMImageOperation.m in Sources */ = {isa = PBXBuildFile; fileRef = 1812C8A618A7FD4E00B3D6CD /* DMImageOperation.m */; };
		1812C90F18A7FD4E00B3D6CD /* DMImageOperation.m in Sources */ = {isa = PBXBuildFile; fileRef = 1812C8A618A7FD4E00B3D6CD /* DMImageOperation.m */; };
		1812C91A18A7FD4E00B3D6CD /* SVWebViewController.strings in Resources */ = {isa = PBXBuildFile; fileRef = 1812C8B318A7FD4E00B3D6CD /* SVWebViewController.strings */; };
		1812C91B18A7FD4E00B3D6CD /* SVWebViewController.strings in Resources */ = {isa = PBXBuildFile; fileRef = 1812C8B318A7FD4E00B3D6CD /* SVWebViewController.strings */; };
		1812C91C18A7FD4E00B3D6CD /* SVModalWebViewController.m in Sources */ = {isa = PBXBuildFile; fileRef = 1812C8BA18A7FD4E00B3D6CD /* SVModalWebViewController.m */; };
		1812C91D18A7FD4E00B3D6CD /* SVModalWebViewController.m in Sources */ = {isa = PBXBuildFile; fileRef = 1812C8BA18A7FD4E00B3D6CD /* SVModalWebViewController.m */; };
		1812C91E18A7FD4E00B3D6CD /* SVWebViewController.bundle in Resources */ = {isa = PBXBuildFile; fileRef = 1812C8BB18A7FD4E00B3D6CD /* SVWebViewController.bundle */; };
		1812C91F18A7FD4E00B3D6CD /* SVWebViewController.bundle in Resources */ = {isa = PBXBuildFile; fileRef = 1812C8BB18A7FD4E00B3D6CD /* SVWebViewController.bundle */; };
		1812C92018A7FD4E00B3D6CD /* SVWebViewController.m in Sources */ = {isa = PBXBuildFile; fileRef = 1812C8BD18A7FD4E00B3D6CD /* SVWebViewController.m */; };
		1812C92118A7FD4E00B3D6CD /* SVWebViewController.m in Sources */ = {isa = PBXBuildFile; fileRef = 1812C8BD18A7FD4E00B3D6CD /* SVWebViewController.m */; };
		1812C92218A7FD4E00B3D6CD /* TFTipView.m in Sources */ = {isa = PBXBuildFile; fileRef = 1812C8C318A7FD4E00B3D6CD /* TFTipView.m */; };
		1812C92318A7FD4E00B3D6CD /* TFTipView.m in Sources */ = {isa = PBXBuildFile; fileRef = 1812C8C318A7FD4E00B3D6CD /* TFTipView.m */; };
		1812C92C18A7FD7E00B3D6CD /* DMProjectTests.m in Sources */ = {isa = PBXBuildFile; fileRef = 1812C92618A7FD7E00B3D6CD /* DMProjectTests.m */; };
		1812C92D18A7FD7E00B3D6CD /* InfoPlist.strings in Resources */ = {isa = PBXBuildFile; fileRef = 1812C92718A7FD7E00B3D6CD /* InfoPlist.strings */; };
		1812C92E18A7FD7E00B3D6CD /* InfoPlist.strings in Resources */ = {isa = PBXBuildFile; fileRef = 1812C92718A7FD7E00B3D6CD /* InfoPlist.strings */; };
		1812C93118A7FF2A00B3D6CD /* DMProject.xcdatamodeld in Sources */ = {isa = PBXBuildFile; fileRef = 1812C92F18A7FF2A00B3D6CD /* DMProject.xcdatamodeld */; };
		1812C93218A7FF2A00B3D6CD /* DMProject.xcdatamodeld in Sources */ = {isa = PBXBuildFile; fileRef = 1812C92F18A7FF2A00B3D6CD /* DMProject.xcdatamodeld */; };
		185130E81999DAC20065993A /* EMError.m in Sources */ = {isa = PBXBuildFile; fileRef = 185130E71999DAC20065993A /* EMError.m */; };
		185130EB1999DC030065993A /* ObserverWrapper.m in Sources */ = {isa = PBXBuildFile; fileRef = 185130EA1999DC030065993A /* ObserverWrapper.m */; };
		185130EF1999DD0A0065993A /* ConfigManager.m in Sources */ = {isa = PBXBuildFile; fileRef = 185130EE1999DD0A0065993A /* ConfigManager.m */; };
		18C8B3AB18A8001D00ECDD9C /* NodeCategory.m in Sources */ = {isa = PBXBuildFile; fileRef = 18C8B3AA18A8001D00ECDD9C /* NodeCategory.m */; };
		18C8B3AC18A8001D00ECDD9C /* NodeCategory.m in Sources */ = {isa = PBXBuildFile; fileRef = 18C8B3AA18A8001D00ECDD9C /* NodeCategory.m */; };
		18C8B3AF18A8001E00ECDD9C /* NodeItem.m in Sources */ = {isa = PBXBuildFile; fileRef = 18C8B3AE18A8001E00ECDD9C /* NodeItem.m */; };
		18C8B3B018A8001E00ECDD9C /* NodeItem.m in Sources */ = {isa = PBXBuildFile; fileRef = 18C8B3AE18A8001E00ECDD9C /* NodeItem.m */; };
		18C8B3B318A8001E00ECDD9C /* GalleryItem.m in Sources */ = {isa = PBXBuildFile; fileRef = 18C8B3B218A8001E00ECDD9C /* GalleryItem.m */; };
		18C8B3B418A8001E00ECDD9C /* GalleryItem.m in Sources */ = {isa = PBXBuildFile; fileRef = 18C8B3B218A8001E00ECDD9C /* GalleryItem.m */; };
		18C8B3B718A8001E00ECDD9C /* GalleryName.m in Sources */ = {isa = PBXBuildFile; fileRef = 18C8B3B618A8001E00ECDD9C /* GalleryName.m */; };
		18C8B3B818A8001E00ECDD9C /* GalleryName.m in Sources */ = {isa = PBXBuildFile; fileRef = 18C8B3B618A8001E00ECDD9C /* GalleryName.m */; };
		18C8B3BB18A8001E00ECDD9C /* BannersLinks.m in Sources */ = {isa = PBXBuildFile; fileRef = 18C8B3BA18A8001E00ECDD9C /* BannersLinks.m */; };
		18C8B3BC18A8001E00ECDD9C /* BannersLinks.m in Sources */ = {isa = PBXBuildFile; fileRef = 18C8B3BA18A8001E00ECDD9C /* BannersLinks.m */; };
		18C8B3BF18A8001E00ECDD9C /* Banners.m in Sources */ = {isa = PBXBuildFile; fileRef = 18C8B3BE18A8001E00ECDD9C /* Banners.m */; };
		18C8B3C018A8001E00ECDD9C /* Banners.m in Sources */ = {isa = PBXBuildFile; fileRef = 18C8B3BE18A8001E00ECDD9C /* Banners.m */; };
		18C8B3C318A8001E00ECDD9C /* NodeFiles.m in Sources */ = {isa = PBXBuildFile; fileRef = 18C8B3C218A8001E00ECDD9C /* NodeFiles.m */; };
		18C8B3C418A8001E00ECDD9C /* NodeFiles.m in Sources */ = {isa = PBXBuildFile; fileRef = 18C8B3C218A8001E00ECDD9C /* NodeFiles.m */; };
		18C8B3C718A8001E00ECDD9C /* FileItem.m in Sources */ = {isa = PBXBuildFile; fileRef = 18C8B3C618A8001E00ECDD9C /* FileItem.m */; };
		18C8B3C818A8001E00ECDD9C /* FileItem.m in Sources */ = {isa = PBXBuildFile; fileRef = 18C8B3C618A8001E00ECDD9C /* FileItem.m */; };
		18C8B3D218A8AD9900ECDD9C /* PadViewController.m in Sources */ = {isa = PBXBuildFile; fileRef = 18C8B3D118A8AD9900ECDD9C /* PadViewController.m */; };
		18C8B3D318A8AD9900ECDD9C /* PadViewController.m in Sources */ = {isa = PBXBuildFile; fileRef = 18C8B3D118A8AD9900ECDD9C /* PadViewController.m */; };
		18C8B3D618A8ADE200ECDD9C /* PhoneViewController.m in Sources */ = {isa = PBXBuildFile; fileRef = 18C8B3D518A8ADE200ECDD9C /* PhoneViewController.m */; };
		18C8B3D718A8ADE200ECDD9C /* PhoneViewController.m in Sources */ = {isa = PBXBuildFile; fileRef = 18C8B3D518A8ADE200ECDD9C /* PhoneViewController.m */; };
		18C8B3D918A8BCD000ECDD9C /* CoreData.framework in Frameworks */ = {isa = PBXBuildFile; fileRef = 18C8B3D818A8BCD000ECDD9C /* CoreData.framework */; };
		C42E89CEFF4A412F97A80AC8 /* libPods.a in Frameworks */ = {isa = PBXBuildFile; fileRef = FA3D481C2822462EB85B21F8 /* libPods.a */; };
/* End PBXBuildFile section */

/* Begin PBXContainerItemProxy section */
		1812C83518A7FBC900B3D6CD /* PBXContainerItemProxy */ = {
			isa = PBXContainerItemProxy;
			containerPortal = 1812C80D18A7FBC800B3D6CD /* Project object */;
			proxyType = 1;
			remoteGlobalIDString = 1812C81418A7FBC800B3D6CD;
			remoteInfo = DMProject;
		};
/* End PBXContainerItemProxy section */

/* Begin PBXFileReference section */
		1812C81518A7FBC800B3D6CD /* DMProject.app */ = {isa = PBXFileReference; explicitFileType = wrapper.application; includeInIndex = 0; path = DMProject.app; sourceTree = BUILT_PRODUCTS_DIR; };
		1812C81818A7FBC800B3D6CD /* Foundation.framework */ = {isa = PBXFileReference; lastKnownFileType = wrapper.framework; name = Foundation.framework; path = System/Library/Frameworks/Foundation.framework; sourceTree = SDKROOT; };
		1812C81A18A7FBC800B3D6CD /* CoreGraphics.framework */ = {isa = PBXFileReference; lastKnownFileType = wrapper.framework; name = CoreGraphics.framework; path = System/Library/Frameworks/CoreGraphics.framework; sourceTree = SDKROOT; };
		1812C81C18A7FBC800B3D6CD /* UIKit.framework */ = {isa = PBXFileReference; lastKnownFileType = wrapper.framework; name = UIKit.framework; path = System/Library/Frameworks/UIKit.framework; sourceTree = SDKROOT; };
		1812C83018A7FBC900B3D6CD /* DMProjectTests.xctest */ = {isa = PBXFileReference; explicitFileType = wrapper.cfbundle; includeInIndex = 0; path = DMProjectTests.xctest; sourceTree = BUILT_PRODUCTS_DIR; };
		1812C83118A7FBC900B3D6CD /* XCTest.framework */ = {isa = PBXFileReference; lastKnownFileType = wrapper.framework; name = XCTest.framework; path = Library/Frameworks/XCTest.framework; sourceTree = DEVELOPER_DIR; };
		1812C84918A7FD4E00B3D6CD /* AppDelegate.h */ = {isa = PBXFileReference; fileEncoding = 4; lastKnownFileType = sourcecode.c.h; path = AppDelegate.h; sourceTree = "<group>"; };
		1812C84A18A7FD4E00B3D6CD /* AppDelegate.m */ = {isa = PBXFileReference; fileEncoding = 4; lastKnownFileType = sourcecode.c.objc; path = AppDelegate.m; sourceTree = "<group>"; };
		1812C84C18A7FD4E00B3D6CD /* NSArray+ContainsNumber.h */ = {isa = PBXFileReference; fileEncoding = 4; lastKnownFileType = sourcecode.c.h; path = "NSArray+ContainsNumber.h"; sourceTree = "<group>"; };
		1812C84D18A7FD4E00B3D6CD /* NSArray+ContainsNumber.m */ = {isa = PBXFileReference; fileEncoding = 4; lastKnownFileType = sourcecode.c.objc; path = "NSArray+ContainsNumber.m"; sourceTree = "<group>"; };
		1812C84E18A7FD4E00B3D6CD /* NSDate+HumanDate.h */ = {isa = PBXFileReference; fileEncoding = 4; lastKnownFileType = sourcecode.c.h; path = "NSDate+HumanDate.h"; sourceTree = "<group>"; };
		1812C84F18A7FD4E00B3D6CD /* NSDate+HumanDate.m */ = {isa = PBXFileReference; fileEncoding = 4; lastKnownFileType = sourcecode.c.objc; path = "NSDate+HumanDate.m"; sourceTree = "<group>"; };
		1812C85018A7FD4E00B3D6CD /* NSDictionary+SimpleGetters.h */ = {isa = PBXFileReference; fileEncoding = 4; lastKnownFileType = sourcecode.c.h; path = "NSDictionary+SimpleGetters.h"; sourceTree = "<group>"; };
		1812C85118A7FD4E00B3D6CD /* NSDictionary+SimpleGetters.m */ = {isa = PBXFileReference; fileEncoding = 4; lastKnownFileType = sourcecode.c.objc; path = "NSDictionary+SimpleGetters.m"; sourceTree = "<group>"; };
		1812C85218A7FD4E00B3D6CD /* NSString+ApplicationFonts.h */ = {isa = PBXFileReference; fileEncoding = 4; lastKnownFileType = sourcecode.c.h; path = "NSString+ApplicationFonts.h"; sourceTree = "<group>"; };
		1812C85318A7FD4E00B3D6CD /* NSString+ApplicationFonts.m */ = {isa = PBXFileReference; fileEncoding = 4; lastKnownFileType = sourcecode.c.objc; path = "NSString+ApplicationFonts.m"; sourceTree = "<group>"; };
		1812C85418A7FD4E00B3D6CD /* NSString+TextSize.h */ = {isa = PBXFileReference; fileEncoding = 4; lastKnownFileType = sourcecode.c.h; path = "NSString+TextSize.h"; sourceTree = "<group>"; };
		1812C85518A7FD4E00B3D6CD /* NSString+TextSize.m */ = {isa = PBXFileReference; fileEncoding = 4; lastKnownFileType = sourcecode.c.objc; path = "NSString+TextSize.m"; sourceTree = "<group>"; };
		1812C85618A7FD4E00B3D6CD /* UIDevice+Idiom.h */ = {isa = PBXFileReference; fileEncoding = 4; lastKnownFileType = sourcecode.c.h; path = "UIDevice+Idiom.h"; sourceTree = "<group>"; };
		1812C85718A7FD4E00B3D6CD /* UIDevice+Idiom.m */ = {isa = PBXFileReference; fileEncoding = 4; lastKnownFileType = sourcecode.c.objc; path = "UIDevice+Idiom.m"; sourceTree = "<group>"; };
		1812C85818A7FD4E00B3D6CD /* UIImage+ImageEffects.h */ = {isa = PBXFileReference; fileEncoding = 4; lastKnownFileType = sourcecode.c.h; path = "UIImage+ImageEffects.h"; sourceTree = "<group>"; };
		1812C85918A7FD4E00B3D6CD /* UIImage+ImageEffects.m */ = {isa = PBXFileReference; fileEncoding = 4; lastKnownFileType = sourcecode.c.objc; path = "UIImage+ImageEffects.m"; sourceTree = "<group>"; };
		1812C85A18A7FD4E00B3D6CD /* UIScreen+Retina.h */ = {isa = PBXFileReference; fileEncoding = 4; lastKnownFileType = sourcecode.c.h; path = "UIScreen+Retina.h"; sourceTree = "<group>"; };
		1812C85B18A7FD4E00B3D6CD /* UIScreen+Retina.m */ = {isa = PBXFileReference; fileEncoding = 4; lastKnownFileType = sourcecode.c.objc; path = "UIScreen+Retina.m"; sourceTree = "<group>"; };
		1812C85C18A7FD4E00B3D6CD /* UIView+SimpleFrame.h */ = {isa = PBXFileReference; fileEncoding = 4; lastKnownFileType = sourcecode.c.h; path = "UIView+SimpleFrame.h"; sourceTree = "<group>"; };
		1812C85D18A7FD4E00B3D6CD /* UIView+SimpleFrame.m */ = {isa = PBXFileReference; fileEncoding = 4; lastKnownFileType = sourcecode.c.objc; path = "UIView+SimpleFrame.m"; sourceTree = "<group>"; };
		1812C86318A7FD4E00B3D6CD /* CoreDataBase.h */ = {isa = PBXFileReference; fileEncoding = 4; lastKnownFileType = sourcecode.c.h; path = CoreDataBase.h; sourceTree = "<group>"; };
		1812C86418A7FD4E00B3D6CD /* CoreDataBase.m */ = {isa = PBXFileReference; fileEncoding = 4; lastKnownFileType = sourcecode.c.objc; path = CoreDataBase.m; sourceTree = "<group>"; };
		1812C86518A7FD4E00B3D6CD /* CoreDataManager.h */ = {isa = PBXFileReference; fileEncoding = 4; lastKnownFileType = sourcecode.c.h; path = CoreDataManager.h; sourceTree = "<group>"; };
		1812C86618A7FD4E00B3D6CD /* CoreDataManager.m */ = {isa = PBXFileReference; fileEncoding = 4; lastKnownFileType = sourcecode.c.objc; path = CoreDataManager.m; sourceTree = "<group>"; };
		1812C86A18A7FD4E00B3D6CD /* ArrayToDataTransformer.h */ = {isa = PBXFileReference; fileEncoding = 4; lastKnownFileType = sourcecode.c.h; path = ArrayToDataTransformer.h; sourceTree = "<group>"; };
		1812C86B18A7FD4E00B3D6CD /* ArrayToDataTransformer.m */ = {isa = PBXFileReference; fileEncoding = 4; lastKnownFileType = sourcecode.c.objc; path = ArrayToDataTransformer.m; sourceTree = "<group>"; };
		1812C86C18A7FD4E00B3D6CD /* ColorToDataTransformer.h */ = {isa = PBXFileReference; fileEncoding = 4; lastKnownFileType = sourcecode.c.h; path = ColorToDataTransformer.h; sourceTree = "<group>"; };
		1812C86D18A7FD4E00B3D6CD /* ColorToDataTransformer.m */ = {isa = PBXFileReference; fileEncoding = 4; lastKnownFileType = sourcecode.c.objc; path = ColorToDataTransformer.m; sourceTree = "<group>"; };
		1812C87018A7FD4E00B3D6CD /* DownloadManager.h */ = {isa = PBXFileReference; fileEncoding = 4; lastKnownFileType = sourcecode.c.h; path = DownloadManager.h; sourceTree = "<group>"; };
		1812C87118A7FD4E00B3D6CD /* DownloadManager.m */ = {isa = PBXFileReference; fileEncoding = 4; lastKnownFileType = sourcecode.c.objc; path = DownloadManager.m; sourceTree = "<group>"; };
		1812C87318A7FD4E00B3D6CD /* DownloadCheckOperation.h */ = {isa = PBXFileReference; fileEncoding = 4; lastKnownFileType = sourcecode.c.h; path = DownloadCheckOperation.h; sourceTree = "<group>"; };
		1812C87418A7FD4E00B3D6CD /* DownloadCheckOperation.m */ = {isa = PBXFileReference; fileEncoding = 4; lastKnownFileType = sourcecode.c.objc; path = DownloadCheckOperation.m; sourceTree = "<group>"; };
		1812C87718A7FD4E00B3D6CD /* DownloadManagerOperation.h */ = {isa = PBXFileReference; fileEncoding = 4; lastKnownFileType = sourcecode.c.h; path = DownloadManagerOperation.h; sourceTree = "<group>"; };
		1812C87818A7FD4E00B3D6CD /* DownloadManagerOperation.m */ = {isa = PBXFileReference; fileEncoding = 4; lastKnownFileType = sourcecode.c.objc; path = DownloadManagerOperation.m; sourceTree = "<group>"; };
		1812C88018A7FD4E00B3D6CD /* FeedManager.h */ = {isa = PBXFileReference; fileEncoding = 4; lastKnownFileType = sourcecode.c.h; path = FeedManager.h; sourceTree = "<group>"; };
		1812C88118A7FD4E00B3D6CD /* FeedManager.m */ = {isa = PBXFileReference; fileEncoding = 4; lastKnownFileType = sourcecode.c.objc; path = FeedManager.m; sourceTree = "<group>"; };
		1812C88618A7FD4E00B3D6CD /* ServerManager.h */ = {isa = PBXFileReference; fileEncoding = 4; lastKnownFileType = sourcecode.c.h; path = ServerManager.h; sourceTree = "<group>"; };
		1812C88718A7FD4E00B3D6CD /* ServerManager.m */ = {isa = PBXFileReference; fileEncoding = 4; lastKnownFileType = sourcecode.c.objc; path = ServerManager.m; sourceTree = "<group>"; };
		1812C88818A7FD4E00B3D6CD /* ServerParams.h */ = {isa = PBXFileReference; fileEncoding = 4; lastKnownFileType = sourcecode.c.h; path = ServerParams.h; sourceTree = "<group>"; };
		1812C88A18A7FD4E00B3D6CD /* SettingsManager.h */ = {isa = PBXFileReference; fileEncoding = 4; lastKnownFileType = sourcecode.c.h; path = SettingsManager.h; sourceTree = "<group>"; };
		1812C88B18A7FD4E00B3D6CD /* SettingsManager.m */ = {isa = PBXFileReference; fileEncoding = 4; lastKnownFileType = sourcecode.c.objc; path = SettingsManager.m; sourceTree = "<group>"; };
		1812C88D18A7FD4E00B3D6CD /* WebManager.h */ = {isa = PBXFileReference; fileEncoding = 4; lastKnownFileType = sourcecode.c.h; path = WebManager.h; sourceTree = "<group>"; };
		1812C88E18A7FD4E00B3D6CD /* WebManager.m */ = {isa = PBXFileReference; fileEncoding = 4; lastKnownFileType = sourcecode.c.objc; path = WebManager.m; sourceTree = "<group>"; };
		1812C88F18A7FD4E00B3D6CD /* Images.xcassets */ = {isa = PBXFileReference; lastKnownFileType = folder.assetcatalog; path = Images.xcassets; sourceTree = "<group>"; };
		1812C89118A7FD4E00B3D6CD /* DMProject-Info.plist */ = {isa = PBXFileReference; fileEncoding = 4; lastKnownFileType = text.plist.xml; path = "DMProject-Info.plist"; sourceTree = "<group>"; };
		1812C89218A7FD4E00B3D6CD /* DMProject-Prefix.pch */ = {isa = PBXFileReference; fileEncoding = 4; lastKnownFileType = sourcecode.c.h; path = "DMProject-Prefix.pch"; sourceTree = "<group>"; };
		1812C89418A7FD4E00B3D6CD /* en */ = {isa = PBXFileReference; lastKnownFileType = text.plist.strings; name = en; path = en.lproj/InfoPlist.strings; sourceTree = "<group>"; };
		1812C89518A7FD4E00B3D6CD /* main.m */ = {isa = PBXFileReference; fileEncoding = 4; lastKnownFileType = sourcecode.c.objc; path = main.m; sourceTree = "<group>"; };
		1812C89818A7FD4E00B3D6CD /* ALHUDIconsResourse.bundle */ = {isa = PBXFileReference; lastKnownFileType = "wrapper.plug-in"; path = ALHUDIconsResourse.bundle; sourceTree = "<group>"; };
		1812C89918A7FD4E00B3D6CD /* ALHUDManager.h */ = {isa = PBXFileReference; fileEncoding = 4; lastKnownFileType = sourcecode.c.h; path = ALHUDManager.h; sourceTree = "<group>"; };
		1812C89A18A7FD4E00B3D6CD /* ALHUDManager.m */ = {isa = PBXFileReference; fileEncoding = 4; lastKnownFileType = sourcecode.c.objc; path = ALHUDManager.m; sourceTree = "<group>"; };
		1812C89B18A7FD4E00B3D6CD /* HUDItem.h */ = {isa = PBXFileReference; fileEncoding = 4; lastKnownFileType = sourcecode.c.h; path = HUDItem.h; sourceTree = "<group>"; };
		1812C89C18A7FD4E00B3D6CD /* HUDItem.m */ = {isa = PBXFileReference; fileEncoding = 4; lastKnownFileType = sourcecode.c.objc; path = HUDItem.m; sourceTree = "<group>"; };
		1812C89E18A7FD4E00B3D6CD /* DMArrayDifference.h */ = {isa = PBXFileReference; fileEncoding = 4; lastKnownFileType = sourcecode.c.h; path = DMArrayDifference.h; sourceTree = "<group>"; };
		1812C89F18A7FD4E00B3D6CD /* DMArrayDifference.m */ = {isa = PBXFileReference; fileEncoding = 4; lastKnownFileType = sourcecode.c.objc; path = DMArrayDifference.m; sourceTree = "<group>"; };
		1812C8A118A7FD4E00B3D6CD /* DMImageDownloadOperation.h */ = {isa = PBXFileReference; fileEncoding = 4; lastKnownFileType = sourcecode.c.h; path = DMImageDownloadOperation.h; sourceTree = "<group>"; };
		1812C8A218A7FD4E00B3D6CD /* DMImageDownloadOperation.m */ = {isa = PBXFileReference; fileEncoding = 4; lastKnownFileType = sourcecode.c.objc; path = DMImageDownloadOperation.m; sourceTree = "<group>"; };
		1812C8A318A7FD4E00B3D6CD /* DMImageManager.h */ = {isa = PBXFileReference; fileEncoding = 4; lastKnownFileType = sourcecode.c.h; path = DMImageManager.h; sourceTree = "<group>"; };
		1812C8A418A7FD4E00B3D6CD /* DMImageManager.m */ = {isa = PBXFileReference; fileEncoding = 4; lastKnownFileType = sourcecode.c.objc; path = DMImageManager.m; sourceTree = "<group>"; };
		1812C8A518A7FD4E00B3D6CD /* DMImageOperation.h */ = {isa = PBXFileReference; fileEncoding = 4; lastKnownFileType = sourcecode.c.h; path = DMImageOperation.h; sourceTree = "<group>"; };
		1812C8A618A7FD4E00B3D6CD /* DMImageOperation.m */ = {isa = PBXFileReference; fileEncoding = 4; lastKnownFileType = sourcecode.c.objc; path = DMImageOperation.m; sourceTree = "<group>"; };
		1812C8B418A7FD4E00B3D6CD /* da */ = {isa = PBXFileReference; lastKnownFileType = text.plist.strings; name = da; path = da.lproj/SVWebViewController.strings; sourceTree = "<group>"; };
		1812C8B518A7FD4E00B3D6CD /* en */ = {isa = PBXFileReference; lastKnownFileType = text.plist.strings; name = en; path = en.lproj/SVWebViewController.strings; sourceTree = "<group>"; };
		1812C8B618A7FD4E00B3D6CD /* es-ES */ = {isa = PBXFileReference; lastKnownFileType = text.plist.strings; name = "es-ES"; path = "es-ES.lproj/SVWebViewController.strings"; sourceTree = "<group>"; };
		1812C8B718A7FD4E00B3D6CD /* es */ = {isa = PBXFileReference; lastKnownFileType = text.plist.strings; name = es; path = es.lproj/SVWebViewController.strings; sourceTree = "<group>"; };
		1812C8B818A7FD4E00B3D6CD /* fr */ = {isa = PBXFileReference; lastKnownFileType = text.plist.strings; name = fr; path = fr.lproj/SVWebViewController.strings; sourceTree = "<group>"; };
		1812C8B918A7FD4E00B3D6CD /* SVModalWebViewController.h */ = {isa = PBXFileReference; fileEncoding = 4; lastKnownFileType = sourcecode.c.h; path = SVModalWebViewController.h; sourceTree = "<group>"; };
		1812C8BA18A7FD4E00B3D6CD /* SVModalWebViewController.m */ = {isa = PBXFileReference; fileEncoding = 4; lastKnownFileType = sourcecode.c.objc; path = SVModalWebViewController.m; sourceTree = "<group>"; };
		1812C8BB18A7FD4E00B3D6CD /* SVWebViewController.bundle */ = {isa = PBXFileReference; lastKnownFileType = "wrapper.plug-in"; path = SVWebViewController.bundle; sourceTree = "<group>"; };
		1812C8BC18A7FD4E00B3D6CD /* SVWebViewController.h */ = {isa = PBXFileReference; fileEncoding = 4; lastKnownFileType = sourcecode.c.h; path = SVWebViewController.h; sourceTree = "<group>"; };
		1812C8BD18A7FD4E00B3D6CD /* SVWebViewController.m */ = {isa = PBXFileReference; fileEncoding = 4; lastKnownFileType = sourcecode.c.objc; path = SVWebViewController.m; sourceTree = "<group>"; };
		1812C8BE18A7FD4E00B3D6CD /* zh-Hans */ = {isa = PBXFileReference; lastKnownFileType = text.plist.strings; name = "zh-Hans"; path = "zh-Hans.lproj/SVWebViewController.strings"; sourceTree = "<group>"; };
		1812C8BF18A7FD4E00B3D6CD /* zh-Hant */ = {isa = PBXFileReference; lastKnownFileType = text.plist.strings; name = "zh-Hant"; path = "zh-Hant.lproj/SVWebViewController.strings"; sourceTree = "<group>"; };
		1812C8C118A7FD4E00B3D6CD /* TFTipPrefix.h */ = {isa = PBXFileReference; fileEncoding = 4; lastKnownFileType = sourcecode.c.h; path = TFTipPrefix.h; sourceTree = "<group>"; };
		1812C8C218A7FD4E00B3D6CD /* TFTipView.h */ = {isa = PBXFileReference; fileEncoding = 4; lastKnownFileType = sourcecode.c.h; path = TFTipView.h; sourceTree = "<group>"; };
		1812C8C318A7FD4E00B3D6CD /* TFTipView.m */ = {isa = PBXFileReference; fileEncoding = 4; lastKnownFileType = sourcecode.c.objc; path = TFTipView.m; sourceTree = "<group>"; };
		1812C92518A7FD7E00B3D6CD /* DMProjectTests-Info.plist */ = {isa = PBXFileReference; fileEncoding = 4; lastKnownFileType = text.plist.xml; path = "DMProjectTests-Info.plist"; sourceTree = "<group>"; };
		1812C92618A7FD7E00B3D6CD /* DMProjectTests.m */ = {isa = PBXFileReference; fileEncoding = 4; lastKnownFileType = sourcecode.c.objc; path = DMProjectTests.m; sourceTree = "<group>"; };
		1812C92818A7FD7E00B3D6CD /* en */ = {isa = PBXFileReference; lastKnownFileType = text.plist.strings; name = en; path = en.lproj/InfoPlist.strings; sourceTree = "<group>"; };
		1812C93018A7FF2A00B3D6CD /* DMProject.xcdatamodel */ = {isa = PBXFileReference; lastKnownFileType = wrapper.xcdatamodel; path = DMProject.xcdatamodel; sourceTree = "<group>"; };
		185130E61999DAC20065993A /* EMError.h */ = {isa = PBXFileReference; fileEncoding = 4; lastKnownFileType = sourcecode.c.h; path = EMError.h; sourceTree = "<group>"; };
		185130E71999DAC20065993A /* EMError.m */ = {isa = PBXFileReference; fileEncoding = 4; lastKnownFileType = sourcecode.c.objc; path = EMError.m; sourceTree = "<group>"; };
		185130E91999DC030065993A /* ObserverWrapper.h */ = {isa = PBXFileReference; fileEncoding = 4; lastKnownFileType = sourcecode.c.h; path = ObserverWrapper.h; sourceTree = "<group>"; };
		185130EA1999DC030065993A /* ObserverWrapper.m */ = {isa = PBXFileReference; fileEncoding = 4; lastKnownFileType = sourcecode.c.objc; path = ObserverWrapper.m; sourceTree = "<group>"; };
		185130ED1999DD0A0065993A /* ConfigManager.h */ = {isa = PBXFileReference; fileEncoding = 4; lastKnownFileType = sourcecode.c.h; path = ConfigManager.h; sourceTree = "<group>"; };
		185130EE1999DD0A0065993A /* ConfigManager.m */ = {isa = PBXFileReference; fileEncoding = 4; lastKnownFileType = sourcecode.c.objc; path = ConfigManager.m; sourceTree = "<group>"; };
		18C8B3A918A8001D00ECDD9C /* NodeCategory.h */ = {isa = PBXFileReference; fileEncoding = 4; lastKnownFileType = sourcecode.c.h; path = NodeCategory.h; sourceTree = "<group>"; };
		18C8B3AA18A8001D00ECDD9C /* NodeCategory.m */ = {isa = PBXFileReference; fileEncoding = 4; lastKnownFileType = sourcecode.c.objc; path = NodeCategory.m; sourceTree = "<group>"; };
		18C8B3AD18A8001E00ECDD9C /* NodeItem.h */ = {isa = PBXFileReference; fileEncoding = 4; lastKnownFileType = sourcecode.c.h; path = NodeItem.h; sourceTree = "<group>"; };
		18C8B3AE18A8001E00ECDD9C /* NodeItem.m */ = {isa = PBXFileReference; fileEncoding = 4; lastKnownFileType = sourcecode.c.objc; path = NodeItem.m; sourceTree = "<group>"; };
		18C8B3B118A8001E00ECDD9C /* GalleryItem.h */ = {isa = PBXFileReference; fileEncoding = 4; lastKnownFileType = sourcecode.c.h; path = GalleryItem.h; sourceTree = "<group>"; };
		18C8B3B218A8001E00ECDD9C /* GalleryItem.m */ = {isa = PBXFileReference; fileEncoding = 4; lastKnownFileType = sourcecode.c.objc; path = GalleryItem.m; sourceTree = "<group>"; };
		18C8B3B518A8001E00ECDD9C /* GalleryName.h */ = {isa = PBXFileReference; fileEncoding = 4; lastKnownFileType = sourcecode.c.h; path = GalleryName.h; sourceTree = "<group>"; };
		18C8B3B618A8001E00ECDD9C /* GalleryName.m */ = {isa = PBXFileReference; fileEncoding = 4; lastKnownFileType = sourcecode.c.objc; path = GalleryName.m; sourceTree = "<group>"; };
		18C8B3B918A8001E00ECDD9C /* BannersLinks.h */ = {isa = PBXFileReference; fileEncoding = 4; lastKnownFileType = sourcecode.c.h; path = BannersLinks.h; sourceTree = "<group>"; };
		18C8B3BA18A8001E00ECDD9C /* BannersLinks.m */ = {isa = PBXFileReference; fileEncoding = 4; lastKnownFileType = sourcecode.c.objc; path = BannersLinks.m; sourceTree = "<group>"; };
		18C8B3BD18A8001E00ECDD9C /* Banners.h */ = {isa = PBXFileReference; fileEncoding = 4; lastKnownFileType = sourcecode.c.h; path = Banners.h; sourceTree = "<group>"; };
		18C8B3BE18A8001E00ECDD9C /* Banners.m */ = {isa = PBXFileReference; fileEncoding = 4; lastKnownFileType = sourcecode.c.objc; path = Banners.m; sourceTree = "<group>"; };
		18C8B3C118A8001E00ECDD9C /* NodeFiles.h */ = {isa = PBXFileReference; fileEncoding = 4; lastKnownFileType = sourcecode.c.h; path = NodeFiles.h; sourceTree = "<group>"; };
		18C8B3C218A8001E00ECDD9C /* NodeFiles.m */ = {isa = PBXFileReference; fileEncoding = 4; lastKnownFileType = sourcecode.c.objc; path = NodeFiles.m; sourceTree = "<group>"; };
		18C8B3C518A8001E00ECDD9C /* FileItem.h */ = {isa = PBXFileReference; fileEncoding = 4; lastKnownFileType = sourcecode.c.h; path = FileItem.h; sourceTree = "<group>"; };
		18C8B3C618A8001E00ECDD9C /* FileItem.m */ = {isa = PBXFileReference; fileEncoding = 4; lastKnownFileType = sourcecode.c.objc; path = FileItem.m; sourceTree = "<group>"; };
		18C8B3D018A8AD9900ECDD9C /* PadViewController.h */ = {isa = PBXFileReference; fileEncoding = 4; lastKnownFileType = sourcecode.c.h; path = PadViewController.h; sourceTree = "<group>"; };
		18C8B3D118A8AD9900ECDD9C /* PadViewController.m */ = {isa = PBXFileReference; fileEncoding = 4; lastKnownFileType = sourcecode.c.objc; path = PadViewController.m; sourceTree = "<group>"; };
		18C8B3D418A8ADE200ECDD9C /* PhoneViewController.h */ = {isa = PBXFileReference; fileEncoding = 4; lastKnownFileType = sourcecode.c.h; path = PhoneViewController.h; sourceTree = "<group>"; };
		18C8B3D518A8ADE200ECDD9C /* PhoneViewController.m */ = {isa = PBXFileReference; fileEncoding = 4; lastKnownFileType = sourcecode.c.objc; path = PhoneViewController.m; sourceTree = "<group>"; };
		18C8B3D818A8BCD000ECDD9C /* CoreData.framework */ = {isa = PBXFileReference; lastKnownFileType = wrapper.framework; name = CoreData.framework; path = System/Library/Frameworks/CoreData.framework; sourceTree = SDKROOT; };
		53D1443CE6814D64970C43CB /* Pods.xcconfig */ = {isa = PBXFileReference; includeInIndex = 1; lastKnownFileType = text.xcconfig; name = Pods.xcconfig; path = Pods/Pods.xcconfig; sourceTree = "<group>"; };
		FA3D481C2822462EB85B21F8 /* libPods.a */ = {isa = PBXFileReference; explicitFileType = archive.ar; includeInIndex = 0; path = libPods.a; sourceTree = BUILT_PRODUCTS_DIR; };
/* End PBXFileReference section */

/* Begin PBXFrameworksBuildPhase section */
		1812C81218A7FBC800B3D6CD /* Frameworks */ = {
			isa = PBXFrameworksBuildPhase;
			buildActionMask = 2147483647;
			files = (
				18C8B3D918A8BCD000ECDD9C /* CoreData.framework in Frameworks */,
				1812C81B18A7FBC800B3D6CD /* CoreGraphics.framework in Frameworks */,
				1812C81D18A7FBC800B3D6CD /* UIKit.framework in Frameworks */,
				1812C81918A7FBC800B3D6CD /* Foundation.framework in Frameworks */,
				C42E89CEFF4A412F97A80AC8 /* libPods.a in Frameworks */,
			);
			runOnlyForDeploymentPostprocessing = 0;
		};
		1812C82D18A7FBC900B3D6CD /* Frameworks */ = {
			isa = PBXFrameworksBuildPhase;
			buildActionMask = 2147483647;
			files = (
				1812C83218A7FBC900B3D6CD /* XCTest.framework in Frameworks */,
				1812C83418A7FBC900B3D6CD /* UIKit.framework in Frameworks */,
				1812C83318A7FBC900B3D6CD /* Foundation.framework in Frameworks */,
			);
			runOnlyForDeploymentPostprocessing = 0;
		};
/* End PBXFrameworksBuildPhase section */

/* Begin PBXGroup section */
		1812C80C18A7FBC800B3D6CD = {
			isa = PBXGroup;
			children = (
				1812C84718A7FD4E00B3D6CD /* projectFiles */,
				1812C92418A7FD7E00B3D6CD /* projectTests */,
				1812C81718A7FBC800B3D6CD /* Frameworks */,
				1812C81618A7FBC800B3D6CD /* Products */,
				53D1443CE6814D64970C43CB /* Pods.xcconfig */,
			);
			sourceTree = "<group>";
		};
		1812C81618A7FBC800B3D6CD /* Products */ = {
			isa = PBXGroup;
			children = (
				1812C81518A7FBC800B3D6CD /* DMProject.app */,
				1812C83018A7FBC900B3D6CD /* DMProjectTests.xctest */,
			);
			name = Products;
			sourceTree = "<group>";
		};
		1812C81718A7FBC800B3D6CD /* Frameworks */ = {
			isa = PBXGroup;
			children = (
				18C8B3D818A8BCD000ECDD9C /* CoreData.framework */,
				1812C81818A7FBC800B3D6CD /* Foundation.framework */,
				1812C81A18A7FBC800B3D6CD /* CoreGraphics.framework */,
				1812C81C18A7FBC800B3D6CD /* UIKit.framework */,
				1812C83118A7FBC900B3D6CD /* XCTest.framework */,
				FA3D481C2822462EB85B21F8 /* libPods.a */,
			);
			name = Frameworks;
			sourceTree = "<group>";
		};
		1812C84718A7FD4E00B3D6CD /* projectFiles */ = {
			isa = PBXGroup;
			children = (
				1812C84818A7FD4E00B3D6CD /* app */,
				1812C84B18A7FD4E00B3D6CD /* categories */,
				1812C85E18A7FD4E00B3D6CD /* controllers */,
				1812C86118A7FD4E00B3D6CD /* database */,
				1812C86E18A7FD4E00B3D6CD /* etc */,
				1812C88F18A7FD4E00B3D6CD /* Images.xcassets */,
				1812C89018A7FD4E00B3D6CD /* resources */,
				1812C89618A7FD4E00B3D6CD /* vendors */,
			);
			path = projectFiles;
			sourceTree = "<group>";
		};
		1812C84818A7FD4E00B3D6CD /* app */ = {
			isa = PBXGroup;
			children = (
				1812C84918A7FD4E00B3D6CD /* AppDelegate.h */,
				1812C84A18A7FD4E00B3D6CD /* AppDelegate.m */,
			);
			path = app;
			sourceTree = "<group>";
		};
		1812C84B18A7FD4E00B3D6CD /* categories */ = {
			isa = PBXGroup;
			children = (
				1812C84C18A7FD4E00B3D6CD /* NSArray+ContainsNumber.h */,
				1812C84D18A7FD4E00B3D6CD /* NSArray+ContainsNumber.m */,
				1812C84E18A7FD4E00B3D6CD /* NSDate+HumanDate.h */,
				1812C84F18A7FD4E00B3D6CD /* NSDate+HumanDate.m */,
				1812C85018A7FD4E00B3D6CD /* NSDictionary+SimpleGetters.h */,
				1812C85118A7FD4E00B3D6CD /* NSDictionary+SimpleGetters.m */,
				1812C85218A7FD4E00B3D6CD /* NSString+ApplicationFonts.h */,
				1812C85318A7FD4E00B3D6CD /* NSString+ApplicationFonts.m */,
				1812C85418A7FD4E00B3D6CD /* NSString+TextSize.h */,
				1812C85518A7FD4E00B3D6CD /* NSString+TextSize.m */,
				1812C85618A7FD4E00B3D6CD /* UIDevice+Idiom.h */,
				1812C85718A7FD4E00B3D6CD /* UIDevice+Idiom.m */,
				1812C85818A7FD4E00B3D6CD /* UIImage+ImageEffects.h */,
				1812C85918A7FD4E00B3D6CD /* UIImage+ImageEffects.m */,
				1812C85A18A7FD4E00B3D6CD /* UIScreen+Retina.h */,
				1812C85B18A7FD4E00B3D6CD /* UIScreen+Retina.m */,
				1812C85C18A7FD4E00B3D6CD /* UIView+SimpleFrame.h */,
				1812C85D18A7FD4E00B3D6CD /* UIView+SimpleFrame.m */,
			);
			path = categories;
			sourceTree = "<group>";
		};
		1812C85E18A7FD4E00B3D6CD /* controllers */ = {
			isa = PBXGroup;
			children = (
				1812C85F18A7FD4E00B3D6CD /* iPad */,
				1812C86018A7FD4E00B3D6CD /* iPhone */,
			);
			path = controllers;
			sourceTree = "<group>";
		};
		1812C85F18A7FD4E00B3D6CD /* iPad */ = {
			isa = PBXGroup;
			children = (
				18C8B3D018A8AD9900ECDD9C /* PadViewController.h */,
				18C8B3D118A8AD9900ECDD9C /* PadViewController.m */,
			);
			path = iPad;
			sourceTree = "<group>";
		};
		1812C86018A7FD4E00B3D6CD /* iPhone */ = {
			isa = PBXGroup;
			children = (
				18C8B3D418A8ADE200ECDD9C /* PhoneViewController.h */,
				18C8B3D518A8ADE200ECDD9C /* PhoneViewController.m */,
			);
			path = iPhone;
			sourceTree = "<group>";
		};
		1812C86118A7FD4E00B3D6CD /* database */ = {
			isa = PBXGroup;
			children = (
				1812C86218A7FD4E00B3D6CD /* base */,
				18C8B3A818A7FFEB00ECDD9C /* models */,
				1812C86518A7FD4E00B3D6CD /* CoreDataManager.h */,
				1812C86618A7FD4E00B3D6CD /* CoreDataManager.m */,
				1812C92F18A7FF2A00B3D6CD /* DMProject.xcdatamodeld */,
				1812C86918A7FD4E00B3D6CD /* transformer */,
			);
			path = database;
			sourceTree = "<group>";
		};
		1812C86218A7FD4E00B3D6CD /* base */ = {
			isa = PBXGroup;
			children = (
				1812C86318A7FD4E00B3D6CD /* CoreDataBase.h */,
				1812C86418A7FD4E00B3D6CD /* CoreDataBase.m */,
			);
			path = base;
			sourceTree = "<group>";
		};
		1812C86918A7FD4E00B3D6CD /* transformer */ = {
			isa = PBXGroup;
			children = (
				1812C86A18A7FD4E00B3D6CD /* ArrayToDataTransformer.h */,
				1812C86B18A7FD4E00B3D6CD /* ArrayToDataTransformer.m */,
				1812C86C18A7FD4E00B3D6CD /* ColorToDataTransformer.h */,
				1812C86D18A7FD4E00B3D6CD /* ColorToDataTransformer.m */,
			);
			path = transformer;
			sourceTree = "<group>";
		};
		1812C86E18A7FD4E00B3D6CD /* etc */ = {
			isa = PBXGroup;
			children = (
				185130EC1999DD0A0065993A /* ConfigManager */,
				1812C86F18A7FD4E00B3D6CD /* DownloadManager */,
				185130E51999DAC20065993A /* ErrorHandler */,
				1812C87F18A7FD4E00B3D6CD /* FeedManager */,
				1812C88518A7FD4E00B3D6CD /* ServerManager */,
				1812C88918A7FD4E00B3D6CD /* SettingsManager */,
				1812C88C18A7FD4E00B3D6CD /* WebManager */,
				185130E91999DC030065993A /* ObserverWrapper.h */,
				185130EA1999DC030065993A /* ObserverWrapper.m */,
			);
			path = etc;
			sourceTree = "<group>";
		};
		1812C86F18A7FD4E00B3D6CD /* DownloadManager */ = {
			isa = PBXGroup;
			children = (
				1812C87018A7FD4E00B3D6CD /* DownloadManager.h */,
				1812C87118A7FD4E00B3D6CD /* DownloadManager.m */,
				1812C87218A7FD4E00B3D6CD /* operations */,
			);
			path = DownloadManager;
			sourceTree = "<group>";
		};
		1812C87218A7FD4E00B3D6CD /* operations */ = {
			isa = PBXGroup;
			children = (
				1812C87318A7FD4E00B3D6CD /* DownloadCheckOperation.h */,
				1812C87418A7FD4E00B3D6CD /* DownloadCheckOperation.m */,
				1812C87718A7FD4E00B3D6CD /* DownloadManagerOperation.h */,
				1812C87818A7FD4E00B3D6CD /* DownloadManagerOperation.m */,
			);
			path = operations;
			sourceTree = "<group>";
		};
		1812C87F18A7FD4E00B3D6CD /* FeedManager */ = {
			isa = PBXGroup;
			children = (
				1812C88018A7FD4E00B3D6CD /* FeedManager.h */,
				1812C88118A7FD4E00B3D6CD /* FeedManager.m */,
			);
			path = FeedManager;
			sourceTree = "<group>";
		};
		1812C88518A7FD4E00B3D6CD /* ServerManager */ = {
			isa = PBXGroup;
			children = (
				1812C88618A7FD4E00B3D6CD /* ServerManager.h */,
				1812C88718A7FD4E00B3D6CD /* ServerManager.m */,
				1812C88818A7FD4E00B3D6CD /* ServerParams.h */,
			);
			path = ServerManager;
			sourceTree = "<group>";
		};
		1812C88918A7FD4E00B3D6CD /* SettingsManager */ = {
			isa = PBXGroup;
			children = (
				1812C88A18A7FD4E00B3D6CD /* SettingsManager.h */,
				1812C88B18A7FD4E00B3D6CD /* SettingsManager.m */,
			);
			path = SettingsManager;
			sourceTree = "<group>";
		};
		1812C88C18A7FD4E00B3D6CD /* WebManager */ = {
			isa = PBXGroup;
			children = (
				1812C88D18A7FD4E00B3D6CD /* WebManager.h */,
				1812C88E18A7FD4E00B3D6CD /* WebManager.m */,
			);
			path = WebManager;
			sourceTree = "<group>";
		};
		1812C89018A7FD4E00B3D6CD /* resources */ = {
			isa = PBXGroup;
			children = (
				1812C89118A7FD4E00B3D6CD /* DMProject-Info.plist */,
				1812C89218A7FD4E00B3D6CD /* DMProject-Prefix.pch */,
				1812C89318A7FD4E00B3D6CD /* InfoPlist.strings */,
				1812C89518A7FD4E00B3D6CD /* main.m */,
			);
			path = resources;
			sourceTree = "<group>";
		};
		1812C89618A7FD4E00B3D6CD /* vendors */ = {
			isa = PBXGroup;
			children = (
				1812C89718A7FD4E00B3D6CD /* ALHUDManager */,
				1812C89D18A7FD4E00B3D6CD /* DMArrayDifference */,
				1812C8A018A7FD4E00B3D6CD /* DMImageManager */,
				1812C8B218A7FD4E00B3D6CD /* SVWebViewController */,
				1812C8C018A7FD4E00B3D6CD /* TFTipView */,
			);
			path = vendors;
			sourceTree = "<group>";
		};
		1812C89718A7FD4E00B3D6CD /* ALHUDManager */ = {
			isa = PBXGroup;
			children = (
				1812C89818A7FD4E00B3D6CD /* ALHUDIconsResourse.bundle */,
				1812C89918A7FD4E00B3D6CD /* ALHUDManager.h */,
				1812C89A18A7FD4E00B3D6CD /* ALHUDManager.m */,
				1812C89B18A7FD4E00B3D6CD /* HUDItem.h */,
				1812C89C18A7FD4E00B3D6CD /* HUDItem.m */,
			);
			path = ALHUDManager;
			sourceTree = "<group>";
		};
		1812C89D18A7FD4E00B3D6CD /* DMArrayDifference */ = {
			isa = PBXGroup;
			children = (
				1812C89E18A7FD4E00B3D6CD /* DMArrayDifference.h */,
				1812C89F18A7FD4E00B3D6CD /* DMArrayDifference.m */,
			);
			path = DMArrayDifference;
			sourceTree = "<group>";
		};
		1812C8A018A7FD4E00B3D6CD /* DMImageManager */ = {
			isa = PBXGroup;
			children = (
				1812C8A118A7FD4E00B3D6CD /* DMImageDownloadOperation.h */,
				1812C8A218A7FD4E00B3D6CD /* DMImageDownloadOperation.m */,
				1812C8A318A7FD4E00B3D6CD /* DMImageManager.h */,
				1812C8A418A7FD4E00B3D6CD /* DMImageManager.m */,
				1812C8A518A7FD4E00B3D6CD /* DMImageOperation.h */,
				1812C8A618A7FD4E00B3D6CD /* DMImageOperation.m */,
			);
			path = DMImageManager;
			sourceTree = "<group>";
		};
		1812C8B218A7FD4E00B3D6CD /* SVWebViewController */ = {
			isa = PBXGroup;
			children = (
				1812C8B318A7FD4E00B3D6CD /* SVWebViewController.strings */,
				1812C8B918A7FD4E00B3D6CD /* SVModalWebViewController.h */,
				1812C8BA18A7FD4E00B3D6CD /* SVModalWebViewController.m */,
				1812C8BB18A7FD4E00B3D6CD /* SVWebViewController.bundle */,
				1812C8BC18A7FD4E00B3D6CD /* SVWebViewController.h */,
				1812C8BD18A7FD4E00B3D6CD /* SVWebViewController.m */,
			);
			path = SVWebViewController;
			sourceTree = "<group>";
		};
		1812C8C018A7FD4E00B3D6CD /* TFTipView */ = {
			isa = PBXGroup;
			children = (
				1812C8C118A7FD4E00B3D6CD /* TFTipPrefix.h */,
				1812C8C218A7FD4E00B3D6CD /* TFTipView.h */,
				1812C8C318A7FD4E00B3D6CD /* TFTipView.m */,
			);
			path = TFTipView;
			sourceTree = "<group>";
		};
		1812C92418A7FD7E00B3D6CD /* projectTests */ = {
			isa = PBXGroup;
			children = (
				1812C92518A7FD7E00B3D6CD /* DMProjectTests-Info.plist */,
				1812C92618A7FD7E00B3D6CD /* DMProjectTests.m */,
				1812C92718A7FD7E00B3D6CD /* InfoPlist.strings */,
			);
			path = projectTests;
			sourceTree = "<group>";
		};
		185130E51999DAC20065993A /* ErrorHandler */ = {
			isa = PBXGroup;
			children = (
				185130E61999DAC20065993A /* EMError.h */,
				185130E71999DAC20065993A /* EMError.m */,
			);
			path = ErrorHandler;
			sourceTree = "<group>";
		};
		185130EC1999DD0A0065993A /* ConfigManager */ = {
			isa = PBXGroup;
			children = (
				185130ED1999DD0A0065993A /* ConfigManager.h */,
				185130EE1999DD0A0065993A /* ConfigManager.m */,
			);
			path = ConfigManager;
			sourceTree = "<group>";
		};
		18C8B3A818A7FFEB00ECDD9C /* models */ = {
			isa = PBXGroup;
			children = (
				18C8B3C518A8001E00ECDD9C /* FileItem.h */,
				18C8B3C618A8001E00ECDD9C /* FileItem.m */,
				18C8B3C118A8001E00ECDD9C /* NodeFiles.h */,
				18C8B3C218A8001E00ECDD9C /* NodeFiles.m */,
				18C8B3BD18A8001E00ECDD9C /* Banners.h */,
				18C8B3BE18A8001E00ECDD9C /* Banners.m */,
				18C8B3B918A8001E00ECDD9C /* BannersLinks.h */,
				18C8B3BA18A8001E00ECDD9C /* BannersLinks.m */,
				18C8B3B518A8001E00ECDD9C /* GalleryName.h */,
				18C8B3B618A8001E00ECDD9C /* GalleryName.m */,
				18C8B3B118A8001E00ECDD9C /* GalleryItem.h */,
				18C8B3B218A8001E00ECDD9C /* GalleryItem.m */,
				18C8B3AD18A8001E00ECDD9C /* NodeItem.h */,
				18C8B3AE18A8001E00ECDD9C /* NodeItem.m */,
				18C8B3A918A8001D00ECDD9C /* NodeCategory.h */,
				18C8B3AA18A8001D00ECDD9C /* NodeCategory.m */,
			);
			path = models;
			sourceTree = "<group>";
		};
/* End PBXGroup section */

/* Begin PBXNativeTarget section */
		1812C81418A7FBC800B3D6CD /* DMProject */ = {
			isa = PBXNativeTarget;
			buildConfigurationList = 1812C84118A7FBC900B3D6CD /* Build configuration list for PBXNativeTarget "DMProject" */;
			buildPhases = (
				82200A0E986D4EA4A27C27CB /* Check Pods Manifest.lock */,
				1812C81118A7FBC800B3D6CD /* Sources */,
				1812C81218A7FBC800B3D6CD /* Frameworks */,
				1812C81318A7FBC800B3D6CD /* Resources */,
				E805838EEDB9447D9846897C /* Copy Pods Resources */,
			);
			buildRules = (
			);
			dependencies = (
			);
			name = DMProject;
			productName = DMProject;
			productReference = 1812C81518A7FBC800B3D6CD /* DMProject.app */;
			productType = "com.apple.product-type.application";
		};
		1812C82F18A7FBC900B3D6CD /* DMProjectTests */ = {
			isa = PBXNativeTarget;
			buildConfigurationList = 1812C84418A7FBC900B3D6CD /* Build configuration list for PBXNativeTarget "DMProjectTests" */;
			buildPhases = (
				1812C82C18A7FBC900B3D6CD /* Sources */,
				1812C82D18A7FBC900B3D6CD /* Frameworks */,
				1812C82E18A7FBC900B3D6CD /* Resources */,
			);
			buildRules = (
			);
			dependencies = (
				1812C83618A7FBC900B3D6CD /* PBXTargetDependency */,
			);
			name = DMProjectTests;
			productName = DMProjectTests;
			productReference = 1812C83018A7FBC900B3D6CD /* DMProjectTests.xctest */;
			productType = "com.apple.product-type.bundle.unit-test";
		};
/* End PBXNativeTarget section */

/* Begin PBXProject section */
		1812C80D18A7FBC800B3D6CD /* Project object */ = {
			isa = PBXProject;
			attributes = {
				LastUpgradeCheck = 0500;
				ORGANIZATIONNAME = "Dima Avvakumov";
				TargetAttributes = {
					1812C82F18A7FBC900B3D6CD = {
						TestTargetID = 1812C81418A7FBC800B3D6CD;
					};
				};
			};
			buildConfigurationList = 1812C81018A7FBC800B3D6CD /* Build configuration list for PBXProject "DMProject" */;
			compatibilityVersion = "Xcode 3.2";
			developmentRegion = English;
			hasScannedForEncodings = 0;
			knownRegions = (
				en,
				da,
				"es-ES",
				es,
				fr,
				"zh-Hans",
				"zh-Hant",
			);
			mainGroup = 1812C80C18A7FBC800B3D6CD;
			productRefGroup = 1812C81618A7FBC800B3D6CD /* Products */;
			projectDirPath = "";
			projectRoot = "";
			targets = (
				1812C81418A7FBC800B3D6CD /* DMProject */,
				1812C82F18A7FBC900B3D6CD /* DMProjectTests */,
			);
		};
/* End PBXProject section */

/* Begin PBXResourcesBuildPhase section */
		1812C81318A7FBC800B3D6CD /* Resources */ = {
			isa = PBXResourcesBuildPhase;
			buildActionMask = 2147483647;
			files = (
				1812C8FA18A7FD4E00B3D6CD /* Images.xcassets in Resources */,
				1812C8FE18A7FD4E00B3D6CD /* InfoPlist.strings in Resources */,
				1812C91E18A7FD4E00B3D6CD /* SVWebViewController.bundle in Resources */,
				1812C90218A7FD4E00B3D6CD /* ALHUDIconsResourse.bundle in Resources */,
				1812C91A18A7FD4E00B3D6CD /* SVWebViewController.strings in Resources */,
				1812C92D18A7FD7E00B3D6CD /* InfoPlist.strings in Resources */,
			);
			runOnlyForDeploymentPostprocessing = 0;
		};
		1812C82E18A7FBC900B3D6CD /* Resources */ = {
			isa = PBXResourcesBuildPhase;
			buildActionMask = 2147483647;
			files = (
				1812C91F18A7FD4E00B3D6CD /* SVWebViewController.bundle in Resources */,
				1812C91B18A7FD4E00B3D6CD /* SVWebViewController.strings in Resources */,
				1812C90318A7FD4E00B3D6CD /* ALHUDIconsResourse.bundle in Resources */,
				1812C8FF18A7FD4E00B3D6CD /* InfoPlist.strings in Resources */,
				1812C8FB18A7FD4E00B3D6CD /* Images.xcassets in Resources */,
				1812C92E18A7FD7E00B3D6CD /* InfoPlist.strings in Resources */,
			);
			runOnlyForDeploymentPostprocessing = 0;
		};
/* End PBXResourcesBuildPhase section */

/* Begin PBXShellScriptBuildPhase section */
		82200A0E986D4EA4A27C27CB /* Check Pods Manifest.lock */ = {
			isa = PBXShellScriptBuildPhase;
			buildActionMask = 2147483647;
			files = (
			);
			inputPaths = (
			);
			name = "Check Pods Manifest.lock";
			outputPaths = (
			);
			runOnlyForDeploymentPostprocessing = 0;
			shellPath = /bin/sh;
			shellScript = "diff \"${PODS_ROOT}/../Podfile.lock\" \"${PODS_ROOT}/Manifest.lock\" > /dev/null\nif [[ $? != 0 ]] ; then\n    cat << EOM\nerror: The sandbox is not in sync with the Podfile.lock. Run 'pod install' or update your CocoaPods installation.\nEOM\n    exit 1\nfi\n";
			showEnvVarsInLog = 0;
		};
		E805838EEDB9447D9846897C /* Copy Pods Resources */ = {
			isa = PBXShellScriptBuildPhase;
			buildActionMask = 2147483647;
			files = (
			);
			inputPaths = (
			);
			name = "Copy Pods Resources";
			outputPaths = (
			);
			runOnlyForDeploymentPostprocessing = 0;
			shellPath = /bin/sh;
			shellScript = "\"${SRCROOT}/Pods/Pods-resources.sh\"\n";
			showEnvVarsInLog = 0;
		};
/* End PBXShellScriptBuildPhase section */

/* Begin PBXSourcesBuildPhase section */
		1812C81118A7FBC800B3D6CD /* Sources */ = {
			isa = PBXSourcesBuildPhase;
			buildActionMask = 2147483647;
			files = (
				18C8B3C718A8001E00ECDD9C /* FileItem.m in Sources */,
				1812C8DE18A7FD4E00B3D6CD /* ArrayToDataTransformer.m in Sources */,
				1812C8D218A7FD4E00B3D6CD /* UIImage+ImageEffects.m in Sources */,
				1812C8F818A7FD4E00B3D6CD /* WebManager.m in Sources */,
				1812C8F018A7FD4E00B3D6CD /* FeedManager.m in Sources */,
				1812C93118A7FF2A00B3D6CD /* DMProject.xcdatamodeld in Sources */,
				1812C92018A7FD4E00B3D6CD /* SVWebViewController.m in Sources */,
				1812C8D418A7FD4E00B3D6CD /* UIScreen+Retina.m in Sources */,
				18C8B3AF18A8001E00ECDD9C /* NodeItem.m in Sources */,
				1812C8E418A7FD4E00B3D6CD /* DownloadCheckOperation.m in Sources */,
				18C8B3BF18A8001E00ECDD9C /* Banners.m in Sources */,
				1812C8D018A7FD4E00B3D6CD /* UIDevice+Idiom.m in Sources */,
				1812C8C818A7FD4E00B3D6CD /* NSDate+HumanDate.m in Sources */,
				18C8B3D618A8ADE200ECDD9C /* PhoneViewController.m in Sources */,
				1812C8CA18A7FD4E00B3D6CD /* NSDictionary+SimpleGetters.m in Sources */,
				1812C8C618A7FD4E00B3D6CD /* NSArray+ContainsNumber.m in Sources */,
				1812C92218A7FD4E00B3D6CD /* TFTipView.m in Sources */,
				1812C8DA18A7FD4E00B3D6CD /* CoreDataManager.m in Sources */,
				1812C90E18A7FD4E00B3D6CD /* DMImageOperation.m in Sources */,
				1812C8F418A7FD4E00B3D6CD /* ServerManager.m in Sources */,
				1812C8E018A7FD4E00B3D6CD /* ColorToDataTransformer.m in Sources */,
				1812C90A18A7FD4E00B3D6CD /* DMImageDownloadOperation.m in Sources */,
				1812C90618A7FD4E00B3D6CD /* HUDItem.m in Sources */,
				185130E81999DAC20065993A /* EMError.m in Sources */,
				1812C8D618A7FD4E00B3D6CD /* UIView+SimpleFrame.m in Sources */,
				185130EB1999DC030065993A /* ObserverWrapper.m in Sources */,
				18C8B3B318A8001E00ECDD9C /* GalleryItem.m in Sources */,
				1812C90418A7FD4E00B3D6CD /* ALHUDManager.m in Sources */,
				18C8B3BB18A8001E00ECDD9C /* BannersLinks.m in Sources */,
				1812C90C18A7FD4E00B3D6CD /* DMImageManager.m in Sources */,
				1812C8CE18A7FD4E00B3D6CD /* NSString+TextSize.m in Sources */,
				18C8B3B718A8001E00ECDD9C /* GalleryName.m in Sources */,
				1812C8E818A7FD4E00B3D6CD /* DownloadManagerOperation.m in Sources */,
				1812C8C418A7FD4E00B3D6CD /* AppDelegate.m in Sources */,
				18C8B3D218A8AD9900ECDD9C /* PadViewController.m in Sources */,
				185130EF1999DD0A0065993A /* ConfigManager.m in Sources */,
				1812C8F618A7FD4E00B3D6CD /* SettingsManager.m in Sources */,
				18C8B3C318A8001E00ECDD9C /* NodeFiles.m in Sources */,
				1812C91C18A7FD4E00B3D6CD /* SVModalWebViewController.m in Sources */,
				1812C8D818A7FD4E00B3D6CD /* CoreDataBase.m in Sources */,
				1812C8CC18A7FD4E00B3D6CD /* NSString+ApplicationFonts.m in Sources */,
				1812C90018A7FD4E00B3D6CD /* main.m in Sources */,
				1812C8E218A7FD4E00B3D6CD /* DownloadManager.m in Sources */,
				18C8B3AB18A8001D00ECDD9C /* NodeCategory.m in Sources */,
				1812C90818A7FD4E00B3D6CD /* DMArrayDifference.m in Sources */,
			);
			runOnlyForDeploymentPostprocessing = 0;
		};
		1812C82C18A7FBC900B3D6CD /* Sources */ = {
			isa = PBXSourcesBuildPhase;
			buildActionMask = 2147483647;
			files = (
				18C8B3C818A8001E00ECDD9C /* FileItem.m in Sources */,
				1812C8F718A7FD4E00B3D6CD /* SettingsManager.m in Sources */,
				1812C8C518A7FD4E00B3D6CD /* AppDelegate.m in Sources */,
				1812C8E918A7FD4E00B3D6CD /* DownloadManagerOperation.m in Sources */,
				1812C92C18A7FD7E00B3D6CD /* DMProjectTests.m in Sources */,
				1812C90D18A7FD4E00B3D6CD /* DMImageManager.m in Sources */,
				1812C93218A7FF2A00B3D6CD /* DMProject.xcdatamodeld in Sources */,
				1812C8F918A7FD4E00B3D6CD /* WebManager.m in Sources */,
				1812C90118A7FD4E00B3D6CD /* main.m in Sources */,
				1812C90718A7FD4E00B3D6CD /* HUDItem.m in Sources */,
				18C8B3B018A8001E00ECDD9C /* NodeItem.m in Sources */,
				1812C91D18A7FD4E00B3D6CD /* SVModalWebViewController.m in Sources */,
				1812C8DB18A7FD4E00B3D6CD /* CoreDataManager.m in Sources */,
				18C8B3C018A8001E00ECDD9C /* Banners.m in Sources */,
				1812C90B18A7FD4E00B3D6CD /* DMImageDownloadOperation.m in Sources */,
				1812C8E118A7FD4E00B3D6CD /* ColorToDataTransformer.m in Sources */,
				18C8B3D718A8ADE200ECDD9C /* PhoneViewController.m in Sources */,
				1812C92118A7FD4E00B3D6CD /* SVWebViewController.m in Sources */,
				1812C90918A7FD4E00B3D6CD /* DMArrayDifference.m in Sources */,
				1812C90518A7FD4E00B3D6CD /* ALHUDManager.m in Sources */,
				1812C8D518A7FD4E00B3D6CD /* UIScreen+Retina.m in Sources */,
				1812C8CF18A7FD4E00B3D6CD /* NSString+TextSize.m in Sources */,
				1812C8C918A7FD4E00B3D6CD /* NSDate+HumanDate.m in Sources */,
				1812C90F18A7FD4E00B3D6CD /* DMImageOperation.m in Sources */,
				1812C8F518A7FD4E00B3D6CD /* ServerManager.m in Sources */,
				18C8B3B418A8001E00ECDD9C /* GalleryItem.m in Sources */,
				18C8B3BC18A8001E00ECDD9C /* BannersLinks.m in Sources */,
				1812C8CB18A7FD4E00B3D6CD /* NSDictionary+SimpleGetters.m in Sources */,
				1812C92318A7FD4E00B3D6CD /* TFTipView.m in Sources */,
				1812C8E518A7FD4E00B3D6CD /* DownloadCheckOperation.m in Sources */,
				18C8B3B818A8001E00ECDD9C /* GalleryName.m in Sources */,
				1812C8DF18A7FD4E00B3D6CD /* ArrayToDataTransformer.m in Sources */,
				18C8B3D318A8AD9900ECDD9C /* PadViewController.m in Sources */,
				18C8B3C418A8001E00ECDD9C /* NodeFiles.m in Sources */,
				1812C8F118A7FD4E00B3D6CD /* FeedManager.m in Sources */,
				1812C8D318A7FD4E00B3D6CD /* UIImage+ImageEffects.m in Sources */,
				1812C8D918A7FD4E00B3D6CD /* CoreDataBase.m in Sources */,
				1812C8D718A7FD4E00B3D6CD /* UIView+SimpleFrame.m in Sources */,
				1812C8C718A7FD4E00B3D6CD /* NSArray+ContainsNumber.m in Sources */,
				1812C8D118A7FD4E00B3D6CD /* UIDevice+Idiom.m in Sources */,
				1812C8CD18A7FD4E00B3D6CD /* NSString+ApplicationFonts.m in Sources */,
				18C8B3AC18A8001D00ECDD9C /* NodeCategory.m in Sources */,
				1812C8E318A7FD4E00B3D6CD /* DownloadManager.m in Sources */,
			);
			runOnlyForDeploymentPostprocessing = 0;
		};
/* End PBXSourcesBuildPhase section */

/* Begin PBXTargetDependency section */
		1812C83618A7FBC900B3D6CD /* PBXTargetDependency */ = {
			isa = PBXTargetDependency;
			target = 1812C81418A7FBC800B3D6CD /* DMProject */;
			targetProxy = 1812C83518A7FBC900B3D6CD /* PBXContainerItemProxy */;
		};
/* End PBXTargetDependency section */

/* Begin PBXVariantGroup section */
		1812C89318A7FD4E00B3D6CD /* InfoPlist.strings */ = {
			isa = PBXVariantGroup;
			children = (
				1812C89418A7FD4E00B3D6CD /* en */,
			);
			name = InfoPlist.strings;
			sourceTree = "<group>";
		};
		1812C8B318A7FD4E00B3D6CD /* SVWebViewController.strings */ = {
			isa = PBXVariantGroup;
			children = (
				1812C8B418A7FD4E00B3D6CD /* da */,
				1812C8B518A7FD4E00B3D6CD /* en */,
				1812C8B618A7FD4E00B3D6CD /* es-ES */,
				1812C8B718A7FD4E00B3D6CD /* es */,
				1812C8B818A7FD4E00B3D6CD /* fr */,
				1812C8BE18A7FD4E00B3D6CD /* zh-Hans */,
				1812C8BF18A7FD4E00B3D6CD /* zh-Hant */,
			);
			name = SVWebViewController.strings;
			sourceTree = "<group>";
		};
		1812C92718A7FD7E00B3D6CD /* InfoPlist.strings */ = {
			isa = PBXVariantGroup;
			children = (
				1812C92818A7FD7E00B3D6CD /* en */,
			);
			name = InfoPlist.strings;
			sourceTree = "<group>";
		};
/* End PBXVariantGroup section */

/* Begin XCBuildConfiguration section */
		1812C83F18A7FBC900B3D6CD /* Debug */ = {
			isa = XCBuildConfiguration;
			buildSettings = {
				ALWAYS_SEARCH_USER_PATHS = NO;
				ARCHS = "$(ARCHS_STANDARD_INCLUDING_64_BIT)";
				CLANG_CXX_LANGUAGE_STANDARD = "gnu++0x";
				CLANG_CXX_LIBRARY = "libc++";
				CLANG_ENABLE_MODULES = YES;
				CLANG_ENABLE_OBJC_ARC = YES;
				CLANG_WARN_BOOL_CONVERSION = YES;
				CLANG_WARN_CONSTANT_CONVERSION = YES;
				CLANG_WARN_DIRECT_OBJC_ISA_USAGE = YES_ERROR;
				CLANG_WARN_EMPTY_BODY = YES;
				CLANG_WARN_ENUM_CONVERSION = YES;
				CLANG_WARN_INT_CONVERSION = YES;
				CLANG_WARN_OBJC_ROOT_CLASS = YES_ERROR;
				CLANG_WARN__DUPLICATE_METHOD_MATCH = YES;
				"CODE_SIGN_IDENTITY[sdk=iphoneos*]" = "iPhone Developer";
				COPY_PHASE_STRIP = NO;
				GCC_C_LANGUAGE_STANDARD = gnu99;
				GCC_DYNAMIC_NO_PIC = NO;
				GCC_OPTIMIZATION_LEVEL = 0;
				GCC_PREPROCESSOR_DEFINITIONS = (
					"DEBUG=1",
					"$(inherited)",
				);
				GCC_SYMBOLS_PRIVATE_EXTERN = NO;
				GCC_WARN_64_TO_32_BIT_CONVERSION = YES;
				GCC_WARN_ABOUT_RETURN_TYPE = YES_ERROR;
				GCC_WARN_UNDECLARED_SELECTOR = YES;
				GCC_WARN_UNINITIALIZED_AUTOS = YES;
				GCC_WARN_UNUSED_FUNCTION = YES;
				GCC_WARN_UNUSED_VARIABLE = YES;
				IPHONEOS_DEPLOYMENT_TARGET = 7.0;
				ONLY_ACTIVE_ARCH = YES;
				SDKROOT = iphoneos;
				TARGETED_DEVICE_FAMILY = "1,2";
			};
			name = Debug;
		};
		1812C84018A7FBC900B3D6CD /* Release */ = {
			isa = XCBuildConfiguration;
			buildSettings = {
				ALWAYS_SEARCH_USER_PATHS = NO;
				ARCHS = "$(ARCHS_STANDARD_INCLUDING_64_BIT)";
				CLANG_CXX_LANGUAGE_STANDARD = "gnu++0x";
				CLANG_CXX_LIBRARY = "libc++";
				CLANG_ENABLE_MODULES = YES;
				CLANG_ENABLE_OBJC_ARC = YES;
				CLANG_WARN_BOOL_CONVERSION = YES;
				CLANG_WARN_CONSTANT_CONVERSION = YES;
				CLANG_WARN_DIRECT_OBJC_ISA_USAGE = YES_ERROR;
				CLANG_WARN_EMPTY_BODY = YES;
				CLANG_WARN_ENUM_CONVERSION = YES;
				CLANG_WARN_INT_CONVERSION = YES;
				CLANG_WARN_OBJC_ROOT_CLASS = YES_ERROR;
				CLANG_WARN__DUPLICATE_METHOD_MATCH = YES;
				"CODE_SIGN_IDENTITY[sdk=iphoneos*]" = "iPhone Developer";
				COPY_PHASE_STRIP = YES;
				ENABLE_NS_ASSERTIONS = NO;
				GCC_C_LANGUAGE_STANDARD = gnu99;
				GCC_WARN_64_TO_32_BIT_CONVERSION = YES;
				GCC_WARN_ABOUT_RETURN_TYPE = YES_ERROR;
				GCC_WARN_UNDECLARED_SELECTOR = YES;
				GCC_WARN_UNINITIALIZED_AUTOS = YES;
				GCC_WARN_UNUSED_FUNCTION = YES;
				GCC_WARN_UNUSED_VARIABLE = YES;
				IPHONEOS_DEPLOYMENT_TARGET = 7.0;
				SDKROOT = iphoneos;
				TARGETED_DEVICE_FAMILY = "1,2";
				VALIDATE_PRODUCT = YES;
			};
			name = Release;
		};
		1812C84218A7FBC900B3D6CD /* Debug */ = {
			isa = XCBuildConfiguration;
			baseConfigurationReference = 53D1443CE6814D64970C43CB /* Pods.xcconfig */;
			buildSettings = {
				ASSETCATALOG_COMPILER_APPICON_NAME = AppIcon;
				ASSETCATALOG_COMPILER_LAUNCHIMAGE_NAME = LaunchImage;
				GCC_PRECOMPILE_PREFIX_HEADER = YES;
				GCC_PREFIX_HEADER = "projectFiles/resources/DMProject-Prefix.pch";
				INFOPLIST_FILE = "$(SRCROOT)/projectFiles/resources/DMProject-Info.plist";
				IPHONEOS_DEPLOYMENT_TARGET = 6.0;
				PRODUCT_NAME = "$(TARGET_NAME)";
				WRAPPER_EXTENSION = app;
			};
			name = Debug;
		};
		1812C84318A7FBC900B3D6CD /* Release */ = {
			isa = XCBuildConfiguration;
			baseConfigurationReference = 53D1443CE6814D64970C43CB /* Pods.xcconfig */;
			buildSettings = {
				ASSETCATALOG_COMPILER_APPICON_NAME = AppIcon;
				ASSETCATALOG_COMPILER_LAUNCHIMAGE_NAME = LaunchImage;
				GCC_PRECOMPILE_PREFIX_HEADER = YES;
				GCC_PREFIX_HEADER = "projectFiles/resources/DMProject-Prefix.pch";
				INFOPLIST_FILE = "$(SRCROOT)/projectFiles/resources/DMProject-Info.plist";
				IPHONEOS_DEPLOYMENT_TARGET = 6.0;
				PRODUCT_NAME = "$(TARGET_NAME)";
				WRAPPER_EXTENSION = app;
			};
			name = Release;
		};
		1812C84518A7FBC900B3D6CD /* Debug */ = {
			isa = XCBuildConfiguration;
			buildSettings = {
				ARCHS = "$(ARCHS_STANDARD_INCLUDING_64_BIT)";
				BUNDLE_LOADER = "$(BUILT_PRODUCTS_DIR)/DMProject.app/DMProject";
				FRAMEWORK_SEARCH_PATHS = (
					"$(SDKROOT)/Developer/Library/Frameworks",
					"$(inherited)",
					"$(DEVELOPER_FRAMEWORKS_DIR)",
				);
				GCC_PRECOMPILE_PREFIX_HEADER = YES;
				GCC_PREFIX_HEADER = "projectTests/DMProject-Prefix.pch";
				GCC_PREPROCESSOR_DEFINITIONS = (
					"DEBUG=1",
					"$(inherited)",
				);
				INFOPLIST_FILE = "projectTests/DMProjectTests-Info.plist";
				PRODUCT_NAME = "$(TARGET_NAME)";
				TEST_HOST = "$(BUNDLE_LOADER)";
				WRAPPER_EXTENSION = xctest;
			};
			name = Debug;
		};
		1812C84618A7FBC900B3D6CD /* Release */ = {
			isa = XCBuildConfiguration;
			buildSettings = {
				ARCHS = "$(ARCHS_STANDARD_INCLUDING_64_BIT)";
				BUNDLE_LOADER = "$(BUILT_PRODUCTS_DIR)/DMProject.app/DMProject";
				FRAMEWORK_SEARCH_PATHS = (
					"$(SDKROOT)/Developer/Library/Frameworks",
					"$(inherited)",
					"$(DEVELOPER_FRAMEWORKS_DIR)",
				);
				GCC_PRECOMPILE_PREFIX_HEADER = YES;
				GCC_PREFIX_HEADER = "projectTests/DMProject-Prefix.pch";
				INFOPLIST_FILE = "projectTests/DMProjectTests-Info.plist";
				PRODUCT_NAME = "$(TARGET_NAME)";
				TEST_HOST = "$(BUNDLE_LOADER)";
				WRAPPER_EXTENSION = xctest;
			};
			name = Release;
		};
/* End XCBuildConfiguration section */

/* Begin XCConfigurationList section */
		1812C81018A7FBC800B3D6CD /* Build configuration list for PBXProject "DMProject" */ = {
			isa = XCConfigurationList;
			buildConfigurations = (
				1812C83F18A7FBC900B3D6CD /* Debug */,
				1812C84018A7FBC900B3D6CD /* Release */,
			);
			defaultConfigurationIsVisible = 0;
			defaultConfigurationName = Release;
		};
		1812C84118A7FBC900B3D6CD /* Build configuration list for PBXNativeTarget "DMProject" */ = {
			isa = XCConfigurationList;
			buildConfigurations = (
				1812C84218A7FBC900B3D6CD /* Debug */,
				1812C84318A7FBC900B3D6CD /* Release */,
			);
			defaultConfigurationIsVisible = 0;
			defaultConfigurationName = Release;
		};
		1812C84418A7FBC900B3D6CD /* Build configuration list for PBXNativeTarget "DMProjectTests" */ = {
			isa = XCConfigurationList;
			buildConfigurations = (
				1812C84518A7FBC900B3D6CD /* Debug */,
				1812C84618A7FBC900B3D6CD /* Release */,
			);
			defaultConfigurationIsVisible = 0;
			defaultConfigurationName = Release;
		};
/* End XCConfigurationList section */

/* Begin XCVersionGroup section */
		1812C92F18A7FF2A00B3D6CD /* DMProject.xcdatamodeld */ = {
			isa = XCVersionGroup;
			children = (
				1812C93018A7FF2A00B3D6CD /* DMProject.xcdatamodel */,
			);
			currentVersion = 1812C93018A7FF2A00B3D6CD /* DMProject.xcdatamodel */;
			path = DMProject.xcdatamodeld;
			sourceTree = "<group>";
			versionGroupType = wrapper.xcdatamodel;
		};
/* End XCVersionGroup section */
	};
	rootObject = 1812C80D18A7FBC800B3D6CD /* Project object */;
}
